
Microsoft Visual Studio Solution File, Format Version 11.00
# Visual Studio 2010
Project("{FAE04EC0-301F-11D3-BF4B-00C04F79EFBC}") = "Hello_World", "Hello_World\Hello_World.csproj", "{6710D1AB-791B-42D6-8B16-0D0D28B68EF4}"
EndProject
Global
	GlobalSection(SolutionConfigurationPlatforms) = preSolution
		Debug|Any CPU = Debug|Any CPU
		Release|Any CPU = Release|Any CPU
	EndGlobalSection
	GlobalSection(ProjectConfigurationPlatforms) = postSolution
		{6710D1AB-791B-42D6-8B16-0D0D28B68EF4}.Debug|Any CPU.ActiveCfg = Debug|Any CPU
		{6710D1AB-791B-42D6-8B16-0D0D28B68EF4}.Debug|Any CPU.Build.0 = Debug|Any CPU
		{6710D1AB-791B-42D6-8B16-0D0D28B68EF4}.Release|Any CPU.ActiveCfg = Release|Any CPU
		{6710D1AB-791B-42D6-8B16-0D0D28B68EF4}.Release|Any CPU.Build.0 = Release|Any CPU
	EndGlobalSection
	GlobalSection(MonoDevelopProperties) = preSolution
		StartupItem = Hello_World\Hello_World.csproj
	EndGlobalSection
EndGlobal
